{
  "name": "mi0n2-bmi-calculator",
  "version": "2.0.1",
  "lockfileVersion": 3,
  "requires": true,
  "packages": {
    "": {
      "name": "mi0n2-bmi-calculator",
      "version": "2.0.1",
      "license": "MIT",
      "dependencies": {
        "mi0n2-bmi-calculator": "^2.0.1"
      },
      "bin": {
        "mi0n2-bmi-calculator": "index.js"
      }
    },
    "node_modules/mi0n2-bmi-calculator": {
      "version": "2.0.1",
      "resolved": "https://registry.npmjs.org/mi0n2-bmi-calculator/-/mi0n2-bmi-calculator-2.0.1.tgz",
      "integrity": "sha512-7mT2qm8sS6BpEgdhG3eqSrnKdRBN45wRVI3/3ZbR6wuLcwZ8p2x9IWFCdZEqZNlqpggWjMXU3l+uQjagZtNvdQ==",
      "bin": {
        "mi0n2-bmi-calculator": "index.js"
      }
    }
  }
}
